
Microsoft Visual Studio Solution File, Format Version 12.00
# Visual Studio Version 17
VisualStudioVersion = 17.0.31903.59
MinimumVisualStudioVersion = 10.0.40219.1
Project("{2150E333-8FDC-42A3-9474-1A3956D46DE8}") = "Core", "Core", "{65C4F35D-ECF0-4E92-9C48-584F56ADFC86}"
EndProject
Project("{FAE04EC0-301F-11D3-BF4B-00C04F79EFBC}") = "SVE.Domain", "Core\SVE.Domain\SVE.Domain.csproj", "{223AF58F-34E9-4D16-8E8A-850BCF6C3398}"
EndProject
Project("{2150E333-8FDC-42A3-9474-1A3956D46DE8}") = "API", "API", "{BBAF5DE6-D621-4E65-B56F-F860273BF700}"
EndProject
Project("{FAE04EC0-301F-11D3-BF4B-00C04F79EFBC}") = "SVE.Api", "API\SVE.Api\SVE.Api.csproj", "{E95983FF-A5DE-47DC-8E86-6E44B3CA2573}"
EndProject
Project("{2150E333-8FDC-42A3-9474-1A3956D46DE8}") = "Application", "Application", "{07035D3F-0DA2-47EF-8E4A-D4883A150F81}"
EndProject
Project("{FAE04EC0-301F-11D3-BF4B-00C04F79EFBC}") = "SVE.Application", "Application\SVE.Application\SVE.Application.csproj", "{E62ABD1A-87E7-4574-A51B-2C9D6713FDD6}"
EndProject
Project("{2150E333-8FDC-42A3-9474-1A3956D46DE8}") = "Infrastructure", "Infrastructure", "{30F7029B-678B-4985-B41D-B17DEFC0094B}"
EndProject
Project("{FAE04EC0-301F-11D3-BF4B-00C04F79EFBC}") = "SVE.Infrastructure", "Infrastructure\SVE.Infrastructure\SVE.Infrastructure.csproj", "{C5D2E03C-8B4F-4383-A7A3-5368845E247A}"
EndProject
Project("{2150E333-8FDC-42A3-9474-1A3956D46DE8}") = "IOC", "IOC", "{6A4BD029-5C04-431D-9B7B-AFA4F070BC71}"
EndProject
Project("{FAE04EC0-301F-11D3-BF4B-00C04F79EFBC}") = "SV.IOC", "IOC\SVE.IOC\SV.IOC.csproj", "{22FDBB7F-0365-4AC7-AF6B-2A2955D134CC}"
EndProject
Project("{2150E333-8FDC-42A3-9474-1A3956D46DE8}") = "Test", "Test", "{3920FC2B-42C4-455A-A3C7-B322170A7A86}"
EndProject
Project("{FAE04EC0-301F-11D3-BF4B-00C04F79EFBC}") = "SVE.Application.Test", "Test\SVE.Application.Test\SVE.Application.Test.csproj", "{EE8F9094-00F8-4064-8586-B6E86290938D}"
EndProject
Project("{2150E333-8FDC-42A3-9474-1A3956D46DE8}") = "Web", "Web", "{7575664A-BCFA-4263-AAF3-B23FFA9C9B6F}"
EndProject
Project("{FAE04EC0-301F-11D3-BF4B-00C04F79EFBC}") = "SVE.Web", "Web\SVE.Web\SVE.Web.csproj", "{0C17DE6A-D75E-49C6-AF8A-88F123365AD3}"
EndProject
Global
	GlobalSection(SolutionConfigurationPlatforms) = preSolution
		Debug|Any CPU = Debug|Any CPU
		Release|Any CPU = Release|Any CPU
	EndGlobalSection
	GlobalSection(SolutionProperties) = preSolution
		HideSolutionNode = FALSE
	EndGlobalSection
	GlobalSection(ProjectConfigurationPlatforms) = postSolution
		{223AF58F-34E9-4D16-8E8A-850BCF6C3398}.Debug|Any CPU.ActiveCfg = Debug|Any CPU
		{223AF58F-34E9-4D16-8E8A-850BCF6C3398}.Debug|Any CPU.Build.0 = Debug|Any CPU
		{223AF58F-34E9-4D16-8E8A-850BCF6C3398}.Release|Any CPU.ActiveCfg = Release|Any CPU
		{223AF58F-34E9-4D16-8E8A-850BCF6C3398}.Release|Any CPU.Build.0 = Release|Any CPU
		{E95983FF-A5DE-47DC-8E86-6E44B3CA2573}.Debug|Any CPU.ActiveCfg = Debug|Any CPU
		{E95983FF-A5DE-47DC-8E86-6E44B3CA2573}.Debug|Any CPU.Build.0 = Debug|Any CPU
		{E95983FF-A5DE-47DC-8E86-6E44B3CA2573}.Release|Any CPU.ActiveCfg = Release|Any CPU
		{E95983FF-A5DE-47DC-8E86-6E44B3CA2573}.Release|Any CPU.Build.0 = Release|Any CPU
		{E62ABD1A-87E7-4574-A51B-2C9D6713FDD6}.Debug|Any CPU.ActiveCfg = Debug|Any CPU
		{E62ABD1A-87E7-4574-A51B-2C9D6713FDD6}.Debug|Any CPU.Build.0 = Debug|Any CPU
		{E62ABD1A-87E7-4574-A51B-2C9D6713FDD6}.Release|Any CPU.ActiveCfg = Release|Any CPU
		{E62ABD1A-87E7-4574-A51B-2C9D6713FDD6}.Release|Any CPU.Build.0 = Release|Any CPU
		{C5D2E03C-8B4F-4383-A7A3-5368845E247A}.Debug|Any CPU.ActiveCfg = Debug|Any CPU
		{C5D2E03C-8B4F-4383-A7A3-5368845E247A}.Debug|Any CPU.Build.0 = Debug|Any CPU
		{C5D2E03C-8B4F-4383-A7A3-5368845E247A}.Release|Any CPU.ActiveCfg = Release|Any CPU
		{C5D2E03C-8B4F-4383-A7A3-5368845E247A}.Release|Any CPU.Build.0 = Release|Any CPU
		{22FDBB7F-0365-4AC7-AF6B-2A2955D134CC}.Debug|Any CPU.ActiveCfg = Debug|Any CPU
		{22FDBB7F-0365-4AC7-AF6B-2A2955D134CC}.Debug|Any CPU.Build.0 = Debug|Any CPU
		{22FDBB7F-0365-4AC7-AF6B-2A2955D134CC}.Release|Any CPU.ActiveCfg = Release|Any CPU
		{22FDBB7F-0365-4AC7-AF6B-2A2955D134CC}.Release|Any CPU.Build.0 = Release|Any CPU
		{EE8F9094-00F8-4064-8586-B6E86290938D}.Debug|Any CPU.ActiveCfg = Debug|Any CPU
		{EE8F9094-00F8-4064-8586-B6E86290938D}.Debug|Any CPU.Build.0 = Debug|Any CPU
		{EE8F9094-00F8-4064-8586-B6E86290938D}.Release|Any CPU.ActiveCfg = Release|Any CPU
		{EE8F9094-00F8-4064-8586-B6E86290938D}.Release|Any CPU.Build.0 = Release|Any CPU
		{0C17DE6A-D75E-49C6-AF8A-88F123365AD3}.Debug|Any CPU.ActiveCfg = Debug|Any CPU
		{0C17DE6A-D75E-49C6-AF8A-88F123365AD3}.Debug|Any CPU.Build.0 = Debug|Any CPU
		{0C17DE6A-D75E-49C6-AF8A-88F123365AD3}.Release|Any CPU.ActiveCfg = Release|Any CPU
		{0C17DE6A-D75E-49C6-AF8A-88F123365AD3}.Release|Any CPU.Build.0 = Release|Any CPU
	EndGlobalSection
	GlobalSection(NestedProjects) = preSolution
		{223AF58F-34E9-4D16-8E8A-850BCF6C3398} = {65C4F35D-ECF0-4E92-9C48-584F56ADFC86}
		{E95983FF-A5DE-47DC-8E86-6E44B3CA2573} = {BBAF5DE6-D621-4E65-B56F-F860273BF700}
		{E62ABD1A-87E7-4574-A51B-2C9D6713FDD6} = {07035D3F-0DA2-47EF-8E4A-D4883A150F81}
		{C5D2E03C-8B4F-4383-A7A3-5368845E247A} = {30F7029B-678B-4985-B41D-B17DEFC0094B}
		{22FDBB7F-0365-4AC7-AF6B-2A2955D134CC} = {6A4BD029-5C04-431D-9B7B-AFA4F070BC71}
		{EE8F9094-00F8-4064-8586-B6E86290938D} = {3920FC2B-42C4-455A-A3C7-B322170A7A86}
		{0C17DE6A-D75E-49C6-AF8A-88F123365AD3} = {7575664A-BCFA-4263-AAF3-B23FFA9C9B6F}
	EndGlobalSection
EndGlobal
